<?xml version="1.0" encoding="UTF-8" standalone="yes" ?>
<CodeBlocks_project_file>
   <FileVersion major="1" minor="6" />
   <Project>
      <Option title="Project" />
      <Option makefile_is_custom="1" />
      <Option compiler="gcc" />
      <Option virtualFolders="CMake Files\;CMake Files\cmake\;" />
      <Build>
      <Target title="all">
         <Option working_dir="/home/isaac/Projects/RuntimeCompiledCPlusPlus/Aurora-build" />
         <Option type="4" />
         <MakeCommands>
            <Build command="/usr/bin/make -f &quot;/home/isaac/Projects/RuntimeCompiledCPlusPlus/Aurora-build/Makefile&quot;  VERBOSE=1 all" />
            <CompileFile command="/usr/bin/make -f &quot;/home/isaac/Projects/RuntimeCompiledCPlusPlus/Aurora-build/Makefile&quot;  VERBOSE=1 &quot;$file&quot;" />
            <Clean command="/usr/bin/make -f &quot;/home/isaac/Projects/RuntimeCompiledCPlusPlus/Aurora-build/Makefile&quot;  VERBOSE=1 clean" />
            <DistClean command="/usr/bin/make -f &quot;/home/isaac/Projects/RuntimeCompiledCPlusPlus/Aurora-build/Makefile&quot;  VERBOSE=1 clean" />
         </MakeCommands>
      </Target>
      <Target title="ConsoleExample">
         <Option output="/home/isaac/Projects/RuntimeCompiledCPlusPlus/Aurora-build/ConsoleExample" prefix_auto="0" extension_auto="0" />
         <Option working_dir="/home/isaac/Projects/RuntimeCompiledCPlusPlus/Aurora-build" />
         <Option object_output="./" />
         <Option type="1" />
         <Option compiler="gcc" />
         <Compiler>
            <Add directory="/usr/include" />
            <Add directory="/usr/include/c++/4.8" />
            <Add directory="/usr/include/c++/4.8/backward" />
            <Add directory="/usr/include/x86_64-linux-gnu" />
            <Add directory="/usr/include/x86_64-linux-gnu/c++/4.8" />
            <Add directory="/usr/lib/gcc/x86_64-linux-gnu/4.8/include" />
            <Add directory="/usr/lib/gcc/x86_64-linux-gnu/4.8/include-fixed" />
            <Add directory="/usr/local/include" />
         </Compiler>
         <MakeCommands>
            <Build command="/usr/bin/make -f &quot;/home/isaac/Projects/RuntimeCompiledCPlusPlus/Aurora-build/Makefile&quot;  VERBOSE=1 ConsoleExample" />
            <CompileFile command="/usr/bin/make -f &quot;/home/isaac/Projects/RuntimeCompiledCPlusPlus/Aurora-build/Makefile&quot;  VERBOSE=1 &quot;$file&quot;" />
            <Clean command="/usr/bin/make -f &quot;/home/isaac/Projects/RuntimeCompiledCPlusPlus/Aurora-build/Makefile&quot;  VERBOSE=1 clean" />
            <DistClean command="/usr/bin/make -f &quot;/home/isaac/Projects/RuntimeCompiledCPlusPlus/Aurora-build/Makefile&quot;  VERBOSE=1 clean" />
         </MakeCommands>
      </Target>
      <Target title="ConsoleExample/fast">
         <Option output="/home/isaac/Projects/RuntimeCompiledCPlusPlus/Aurora-build/ConsoleExample" prefix_auto="0" extension_auto="0" />
         <Option working_dir="/home/isaac/Projects/RuntimeCompiledCPlusPlus/Aurora-build" />
         <Option object_output="./" />
         <Option type="1" />
         <Option compiler="gcc" />
         <Compiler>
            <Add directory="/usr/include" />
            <Add directory="/usr/include/c++/4.8" />
            <Add directory="/usr/include/c++/4.8/backward" />
            <Add directory="/usr/include/x86_64-linux-gnu" />
            <Add directory="/usr/include/x86_64-linux-gnu/c++/4.8" />
            <Add directory="/usr/lib/gcc/x86_64-linux-gnu/4.8/include" />
            <Add directory="/usr/lib/gcc/x86_64-linux-gnu/4.8/include-fixed" />
            <Add directory="/usr/local/include" />
         </Compiler>
         <MakeCommands>
            <Build command="/usr/bin/make -f &quot;/home/isaac/Projects/RuntimeCompiledCPlusPlus/Aurora-build/Makefile&quot;  VERBOSE=1 ConsoleExample/fast" />
            <CompileFile command="/usr/bin/make -f &quot;/home/isaac/Projects/RuntimeCompiledCPlusPlus/Aurora-build/Makefile&quot;  VERBOSE=1 &quot;$file&quot;" />
            <Clean command="/usr/bin/make -f &quot;/home/isaac/Projects/RuntimeCompiledCPlusPlus/Aurora-build/Makefile&quot;  VERBOSE=1 clean" />
            <DistClean command="/usr/bin/make -f &quot;/home/isaac/Projects/RuntimeCompiledCPlusPlus/Aurora-build/Makefile&quot;  VERBOSE=1 clean" />
         </MakeCommands>
      </Target>
      <Target title="RuntimeCompiler">
         <Option output="/home/isaac/Projects/RuntimeCompiledCPlusPlus/Aurora-build/libRuntimeCompiler.so" prefix_auto="0" extension_auto="0" />
         <Option working_dir="/home/isaac/Projects/RuntimeCompiledCPlusPlus/Aurora-build" />
         <Option object_output="./" />
         <Option type="3" />
         <Option compiler="gcc" />
         <Compiler>
            <Add directory="/usr/include" />
            <Add directory="/usr/include/c++/4.8" />
            <Add directory="/usr/include/c++/4.8/backward" />
            <Add directory="/usr/include/x86_64-linux-gnu" />
            <Add directory="/usr/include/x86_64-linux-gnu/c++/4.8" />
            <Add directory="/usr/lib/gcc/x86_64-linux-gnu/4.8/include" />
            <Add directory="/usr/lib/gcc/x86_64-linux-gnu/4.8/include-fixed" />
            <Add directory="/usr/local/include" />
         </Compiler>
         <MakeCommands>
            <Build command="/usr/bin/make -f &quot;/home/isaac/Projects/RuntimeCompiledCPlusPlus/Aurora-build/Makefile&quot;  VERBOSE=1 RuntimeCompiler" />
            <CompileFile command="/usr/bin/make -f &quot;/home/isaac/Projects/RuntimeCompiledCPlusPlus/Aurora-build/Makefile&quot;  VERBOSE=1 &quot;$file&quot;" />
            <Clean command="/usr/bin/make -f &quot;/home/isaac/Projects/RuntimeCompiledCPlusPlus/Aurora-build/Makefile&quot;  VERBOSE=1 clean" />
            <DistClean command="/usr/bin/make -f &quot;/home/isaac/Projects/RuntimeCompiledCPlusPlus/Aurora-build/Makefile&quot;  VERBOSE=1 clean" />
         </MakeCommands>
      </Target>
      <Target title="RuntimeCompiler/fast">
         <Option output="/home/isaac/Projects/RuntimeCompiledCPlusPlus/Aurora-build/libRuntimeCompiler.so" prefix_auto="0" extension_auto="0" />
         <Option working_dir="/home/isaac/Projects/RuntimeCompiledCPlusPlus/Aurora-build" />
         <Option object_output="./" />
         <Option type="3" />
         <Option compiler="gcc" />
         <Compiler>
            <Add directory="/usr/include" />
            <Add directory="/usr/include/c++/4.8" />
            <Add directory="/usr/include/c++/4.8/backward" />
            <Add directory="/usr/include/x86_64-linux-gnu" />
            <Add directory="/usr/include/x86_64-linux-gnu/c++/4.8" />
            <Add directory="/usr/lib/gcc/x86_64-linux-gnu/4.8/include" />
            <Add directory="/usr/lib/gcc/x86_64-linux-gnu/4.8/include-fixed" />
            <Add directory="/usr/local/include" />
         </Compiler>
         <MakeCommands>
            <Build command="/usr/bin/make -f &quot;/home/isaac/Projects/RuntimeCompiledCPlusPlus/Aurora-build/Makefile&quot;  VERBOSE=1 RuntimeCompiler/fast" />
            <CompileFile command="/usr/bin/make -f &quot;/home/isaac/Projects/RuntimeCompiledCPlusPlus/Aurora-build/Makefile&quot;  VERBOSE=1 &quot;$file&quot;" />
            <Clean command="/usr/bin/make -f &quot;/home/isaac/Projects/RuntimeCompiledCPlusPlus/Aurora-build/Makefile&quot;  VERBOSE=1 clean" />
            <DistClean command="/usr/bin/make -f &quot;/home/isaac/Projects/RuntimeCompiledCPlusPlus/Aurora-build/Makefile&quot;  VERBOSE=1 clean" />
         </MakeCommands>
      </Target>
      <Target title="RuntimeObjectSystem">
         <Option output="/home/isaac/Projects/RuntimeCompiledCPlusPlus/Aurora-build/libRuntimeObjectSystem.so" prefix_auto="0" extension_auto="0" />
         <Option working_dir="/home/isaac/Projects/RuntimeCompiledCPlusPlus/Aurora-build" />
         <Option object_output="./" />
         <Option type="3" />
         <Option compiler="gcc" />
         <Compiler>
            <Add directory="/usr/include" />
            <Add directory="/usr/include/c++/4.8" />
            <Add directory="/usr/include/c++/4.8/backward" />
            <Add directory="/usr/include/x86_64-linux-gnu" />
            <Add directory="/usr/include/x86_64-linux-gnu/c++/4.8" />
            <Add directory="/usr/lib/gcc/x86_64-linux-gnu/4.8/include" />
            <Add directory="/usr/lib/gcc/x86_64-linux-gnu/4.8/include-fixed" />
            <Add directory="/usr/local/include" />
         </Compiler>
         <MakeCommands>
            <Build command="/usr/bin/make -f &quot;/home/isaac/Projects/RuntimeCompiledCPlusPlus/Aurora-build/Makefile&quot;  VERBOSE=1 RuntimeObjectSystem" />
            <CompileFile command="/usr/bin/make -f &quot;/home/isaac/Projects/RuntimeCompiledCPlusPlus/Aurora-build/Makefile&quot;  VERBOSE=1 &quot;$file&quot;" />
            <Clean command="/usr/bin/make -f &quot;/home/isaac/Projects/RuntimeCompiledCPlusPlus/Aurora-build/Makefile&quot;  VERBOSE=1 clean" />
            <DistClean command="/usr/bin/make -f &quot;/home/isaac/Projects/RuntimeCompiledCPlusPlus/Aurora-build/Makefile&quot;  VERBOSE=1 clean" />
         </MakeCommands>
      </Target>
      <Target title="RuntimeObjectSystem/fast">
         <Option output="/home/isaac/Projects/RuntimeCompiledCPlusPlus/Aurora-build/libRuntimeObjectSystem.so" prefix_auto="0" extension_auto="0" />
         <Option working_dir="/home/isaac/Projects/RuntimeCompiledCPlusPlus/Aurora-build" />
         <Option object_output="./" />
         <Option type="3" />
         <Option compiler="gcc" />
         <Compiler>
            <Add directory="/usr/include" />
            <Add directory="/usr/include/c++/4.8" />
            <Add directory="/usr/include/c++/4.8/backward" />
            <Add directory="/usr/include/x86_64-linux-gnu" />
            <Add directory="/usr/include/x86_64-linux-gnu/c++/4.8" />
            <Add directory="/usr/lib/gcc/x86_64-linux-gnu/4.8/include" />
            <Add directory="/usr/lib/gcc/x86_64-linux-gnu/4.8/include-fixed" />
            <Add directory="/usr/local/include" />
         </Compiler>
         <MakeCommands>
            <Build command="/usr/bin/make -f &quot;/home/isaac/Projects/RuntimeCompiledCPlusPlus/Aurora-build/Makefile&quot;  VERBOSE=1 RuntimeObjectSystem/fast" />
            <CompileFile command="/usr/bin/make -f &quot;/home/isaac/Projects/RuntimeCompiledCPlusPlus/Aurora-build/Makefile&quot;  VERBOSE=1 &quot;$file&quot;" />
            <Clean command="/usr/bin/make -f &quot;/home/isaac/Projects/RuntimeCompiledCPlusPlus/Aurora-build/Makefile&quot;  VERBOSE=1 clean" />
            <DistClean command="/usr/bin/make -f &quot;/home/isaac/Projects/RuntimeCompiledCPlusPlus/Aurora-build/Makefile&quot;  VERBOSE=1 clean" />
         </MakeCommands>
      </Target>
      <Target title="edit_cache">
         <Option working_dir="/home/isaac/Projects/RuntimeCompiledCPlusPlus/Aurora-build" />
         <Option type="4" />
         <MakeCommands>
            <Build command="/usr/bin/make -f &quot;/home/isaac/Projects/RuntimeCompiledCPlusPlus/Aurora-build/Makefile&quot;  VERBOSE=1 edit_cache" />
            <CompileFile command="/usr/bin/make -f &quot;/home/isaac/Projects/RuntimeCompiledCPlusPlus/Aurora-build/Makefile&quot;  VERBOSE=1 &quot;$file&quot;" />
            <Clean command="/usr/bin/make -f &quot;/home/isaac/Projects/RuntimeCompiledCPlusPlus/Aurora-build/Makefile&quot;  VERBOSE=1 clean" />
            <DistClean command="/usr/bin/make -f &quot;/home/isaac/Projects/RuntimeCompiledCPlusPlus/Aurora-build/Makefile&quot;  VERBOSE=1 clean" />
         </MakeCommands>
      </Target>
      <Target title="rebuild_cache">
         <Option working_dir="/home/isaac/Projects/RuntimeCompiledCPlusPlus/Aurora-build" />
         <Option type="4" />
         <MakeCommands>
            <Build command="/usr/bin/make -f &quot;/home/isaac/Projects/RuntimeCompiledCPlusPlus/Aurora-build/Makefile&quot;  VERBOSE=1 rebuild_cache" />
            <CompileFile command="/usr/bin/make -f &quot;/home/isaac/Projects/RuntimeCompiledCPlusPlus/Aurora-build/Makefile&quot;  VERBOSE=1 &quot;$file&quot;" />
            <Clean command="/usr/bin/make -f &quot;/home/isaac/Projects/RuntimeCompiledCPlusPlus/Aurora-build/Makefile&quot;  VERBOSE=1 clean" />
            <DistClean command="/usr/bin/make -f &quot;/home/isaac/Projects/RuntimeCompiledCPlusPlus/Aurora-build/Makefile&quot;  VERBOSE=1 clean" />
         </MakeCommands>
      </Target>
      </Build>
      <Unit filename="/home/isaac/Projects/RuntimeCompiledCPlusPlus/Aurora/Examples/ConsoleExample/ConsoleExample.cpp">
      </Unit>
      <Unit filename="/home/isaac/Projects/RuntimeCompiledCPlusPlus/Aurora/Examples/ConsoleExample/ConsoleGame.cpp">
      </Unit>
      <Unit filename="/home/isaac/Projects/RuntimeCompiledCPlusPlus/Aurora/Examples/ConsoleExample/RuntimeObject01.cpp">
      </Unit>
      <Unit filename="/home/isaac/Projects/RuntimeCompiledCPlusPlus/Aurora/Examples/ConsoleExample/StdioLogSystem.cpp">
      </Unit>
      <Unit filename="/home/isaac/Projects/RuntimeCompiledCPlusPlus/Aurora/RuntimeCompiler/BuildTool.cpp">
      </Unit>
      <Unit filename="/home/isaac/Projects/RuntimeCompiledCPlusPlus/Aurora/RuntimeCompiler/Compiler_PlatformPosix.cpp">
      </Unit>
      <Unit filename="/home/isaac/Projects/RuntimeCompiledCPlusPlus/Aurora/RuntimeCompiler/FileChangeNotifier.cpp">
      </Unit>
      <Unit filename="/home/isaac/Projects/RuntimeCompiledCPlusPlus/Aurora/RuntimeCompiler/FileMonitor.cpp">
      </Unit>
      <Unit filename="/home/isaac/Projects/RuntimeCompiledCPlusPlus/Aurora/RuntimeCompiler/SimpleFileWatcher/FileWatcher.cpp">
      </Unit>
      <Unit filename="/home/isaac/Projects/RuntimeCompiledCPlusPlus/Aurora/RuntimeCompiler/SimpleFileWatcher/FileWatcherLinux.cpp">
      </Unit>
      <Unit filename="/home/isaac/Projects/RuntimeCompiledCPlusPlus/Aurora/RuntimeObjectSystem/ObjectFactorySystem/ObjectFactorySystem.cpp">
      </Unit>
      <Unit filename="/home/isaac/Projects/RuntimeCompiledCPlusPlus/Aurora/RuntimeObjectSystem/ObjectInterfacePerModuleSource.cpp">
      </Unit>
      <Unit filename="/home/isaac/Projects/RuntimeCompiledCPlusPlus/Aurora/RuntimeObjectSystem/RuntimeObjectSystem.cpp">
      </Unit>
      <Unit filename="/home/isaac/Projects/RuntimeCompiledCPlusPlus/Aurora/RuntimeObjectSystem/RuntimeObjectSystem_PlatformPosix.cpp">
      </Unit>
      <Unit filename="/home/isaac/Projects/RuntimeCompiledCPlusPlus/Aurora/RuntimeObjectSystem/SimpleSerializer/SimpleSerializer.cpp">
      </Unit>
      <Unit filename="/home/isaac/Projects/RuntimeCompiledCPlusPlus/Aurora/Examples/ConsoleExample/ConsoleGame.h">
      </Unit>
      <Unit filename="/home/isaac/Projects/RuntimeCompiledCPlusPlus/Aurora/Examples/ConsoleExample/StdioLogSystem.h">
      </Unit>
      <Unit filename="/home/isaac/Projects/RuntimeCompiledCPlusPlus/Aurora/RuntimeCompiler/BuildTool.h">
      </Unit>
      <Unit filename="/home/isaac/Projects/RuntimeCompiledCPlusPlus/Aurora/RuntimeCompiler/FileChangeNotifier.h">
      </Unit>
      <Unit filename="/home/isaac/Projects/RuntimeCompiledCPlusPlus/Aurora/RuntimeCompiler/FileMonitor.h">
      </Unit>
      <Unit filename="/home/isaac/Projects/RuntimeCompiledCPlusPlus/Aurora/RuntimeCompiler/SimpleFileWatcher/FileWatcher.h">
      </Unit>
      <Unit filename="/home/isaac/Projects/RuntimeCompiledCPlusPlus/Aurora/RuntimeCompiler/SimpleFileWatcher/FileWatcherLinux.h">
      </Unit>
      <Unit filename="/home/isaac/Projects/RuntimeCompiledCPlusPlus/Aurora/RuntimeObjectSystem/ObjectFactorySystem/ObjectFactorySystem.h">
      </Unit>
      <Unit filename="/home/isaac/Projects/RuntimeCompiledCPlusPlus/Aurora/RuntimeObjectSystem/RuntimeObjectSystem.h">
      </Unit>
      <Unit filename="/home/isaac/Projects/RuntimeCompiledCPlusPlus/Aurora/RuntimeObjectSystem/SimpleSerializer/SimpleSerializer.h">
      </Unit>
      <Unit filename="/home/isaac/Projects/RuntimeCompiledCPlusPlus/Aurora/CMakeLists.txt">
          <Option virtualFolder="CMake Files\" />
      </Unit>
      <Unit filename="/home/isaac/Projects/RuntimeCompiledCPlusPlus/Aurora/cmake/ProjectFiles.cmake">
          <Option virtualFolder="CMake Files\cmake\" />
      </Unit>
   </Project>
</CodeBlocks_project_file>
